// !$*UTF8*$!
{
	archiveVersion = 1;
	classes = {
	};
	objectVersion = 55;
	objects = {

/* Begin PBXBuildFile section */
		0054F49629C4DA010086C77D /* NewsAppApp.swift in Sources */ = {isa = PBXBuildFile; fileRef = 0054F48629C4D9FB0086C77D /* NewsAppApp.swift */; };
		0054F49729C4DA010086C77D /* NewsAppApp.swift in Sources */ = {isa = PBXBuildFile; fileRef = 0054F48629C4D9FB0086C77D /* NewsAppApp.swift */; };
		0054F49829C4DA010086C77D /* ContentView.swift in Sources */ = {isa = PBXBuildFile; fileRef = 0054F48729C4D9FB0086C77D /* ContentView.swift */; };
		0054F49929C4DA010086C77D /* ContentView.swift in Sources */ = {isa = PBXBuildFile; fileRef = 0054F48729C4D9FB0086C77D /* ContentView.swift */; };
		0054F49A29C4DA010086C77D /* Assets.xcassets in Resources */ = {isa = PBXBuildFile; fileRef = 0054F48829C4DA010086C77D /* Assets.xcassets */; };
		0054F49B29C4DA010086C77D /* Assets.xcassets in Resources */ = {isa = PBXBuildFile; fileRef = 0054F48829C4DA010086C77D /* Assets.xcassets */; };
		0054F4A929C4DA6F0086C77D /* NewsService.swift in Sources */ = {isa = PBXBuildFile; fileRef = 0054F4A829C4DA6F0086C77D /* NewsService.swift */; };
		0054F4AB29C4DB2F0086C77D /* New.swift in Sources */ = {isa = PBXBuildFile; fileRef = 0054F4AA29C4DB2F0086C77D /* New.swift */; };
		0054F4AD29C4DF0D0086C77D /* NetworkError.swift in Sources */ = {isa = PBXBuildFile; fileRef = 0054F4AC29C4DF0D0086C77D /* NetworkError.swift */; };
		0054F4B029C4E4960086C77D /* Alamofire in Frameworks */ = {isa = PBXBuildFile; productRef = 0054F4AF29C4E4960086C77D /* Alamofire */; };
		0054F4B629C4EEDE0086C77D /* NewsView.swift in Sources */ = {isa = PBXBuildFile; fileRef = 0054F4B529C4EEDE0086C77D /* NewsView.swift */; };
		0054F4B829C5D2220086C77D /* DetailsNewView.swift in Sources */ = {isa = PBXBuildFile; fileRef = 0054F4B729C5D2220086C77D /* DetailsNewView.swift */; };
		0054F4BA29C5D2AE0086C77D /* DetailsNewView+ViewModel.swift in Sources */ = {isa = PBXBuildFile; fileRef = 0054F4B929C5D2AE0086C77D /* DetailsNewView+ViewModel.swift */; };
		0054F4BC29C5F3BE0086C77D /* NewsView+ViewModel.swift in Sources */ = {isa = PBXBuildFile; fileRef = 0054F4BB29C5F3BE0086C77D /* NewsView+ViewModel.swift */; };
		0054F4BE29C603AD0086C77D /* ContentView+ViewModel.swift in Sources */ = {isa = PBXBuildFile; fileRef = 0054F4BD29C603AD0086C77D /* ContentView+ViewModel.swift */; };
		0054F4C029C605D50086C77D /* Constants.swift in Sources */ = {isa = PBXBuildFile; fileRef = 0054F4BF29C605D50086C77D /* Constants.swift */; };
		0054F4C329C607F70086C77D /* WebView.swift in Sources */ = {isa = PBXBuildFile; fileRef = 0054F4C229C607F70086C77D /* WebView.swift */; };
		0054F4C729C616380086C77D /* NewCellView.swift in Sources */ = {isa = PBXBuildFile; fileRef = 0054F4C629C616380086C77D /* NewCellView.swift */; };
		0054F4C929C75AEE0086C77D /* Extensions.swift in Sources */ = {isa = PBXBuildFile; fileRef = 0054F4C829C75AEE0086C77D /* Extensions.swift */; };
/* End PBXBuildFile section */

/* Begin PBXFileReference section */
		0054F48629C4D9FB0086C77D /* NewsAppApp.swift */ = {isa = PBXFileReference; lastKnownFileType = sourcecode.swift; path = NewsAppApp.swift; sourceTree = "<group>"; };
		0054F48729C4D9FB0086C77D /* ContentView.swift */ = {isa = PBXFileReference; lastKnownFileType = sourcecode.swift; path = ContentView.swift; sourceTree = "<group>"; };
		0054F48829C4DA010086C77D /* Assets.xcassets */ = {isa = PBXFileReference; lastKnownFileType = folder.assetcatalog; path = Assets.xcassets; sourceTree = "<group>"; };
		0054F48D29C4DA010086C77D /* NewsApp.app */ = {isa = PBXFileReference; explicitFileType = wrapper.application; includeInIndex = 0; path = NewsApp.app; sourceTree = BUILT_PRODUCTS_DIR; };
		0054F49329C4DA010086C77D /* NewsApp.app */ = {isa = PBXFileReference; explicitFileType = wrapper.application; includeInIndex = 0; path = NewsApp.app; sourceTree = BUILT_PRODUCTS_DIR; };
		0054F4A829C4DA6F0086C77D /* NewsService.swift */ = {isa = PBXFileReference; lastKnownFileType = sourcecode.swift; path = NewsService.swift; sourceTree = "<group>"; };
		0054F4AA29C4DB2F0086C77D /* New.swift */ = {isa = PBXFileReference; lastKnownFileType = sourcecode.swift; path = New.swift; sourceTree = "<group>"; };
		0054F4AC29C4DF0D0086C77D /* NetworkError.swift */ = {isa = PBXFileReference; lastKnownFileType = sourcecode.swift; path = NetworkError.swift; sourceTree = "<group>"; };
		0054F4B529C4EEDE0086C77D /* NewsView.swift */ = {isa = PBXFileReference; lastKnownFileType = sourcecode.swift; path = NewsView.swift; sourceTree = "<group>"; };
		0054F4B729C5D2220086C77D /* DetailsNewView.swift */ = {isa = PBXFileReference; lastKnownFileType = sourcecode.swift; path = DetailsNewView.swift; sourceTree = "<group>"; };
		0054F4B929C5D2AE0086C77D /* DetailsNewView+ViewModel.swift */ = {isa = PBXFileReference; lastKnownFileType = sourcecode.swift; path = "DetailsNewView+ViewModel.swift"; sourceTree = "<group>"; };
		0054F4BB29C5F3BE0086C77D /* NewsView+ViewModel.swift */ = {isa = PBXFileReference; lastKnownFileType = sourcecode.swift; path = "NewsView+ViewModel.swift"; sourceTree = "<group>"; };
		0054F4BD29C603AD0086C77D /* ContentView+ViewModel.swift */ = {isa = PBXFileReference; lastKnownFileType = sourcecode.swift; path = "ContentView+ViewModel.swift"; sourceTree = "<group>"; };
		0054F4BF29C605D50086C77D /* Constants.swift */ = {isa = PBXFileReference; lastKnownFileType = sourcecode.swift; path = Constants.swift; sourceTree = "<group>"; };
		0054F4C229C607F70086C77D /* WebView.swift */ = {isa = PBXFileReference; lastKnownFileType = sourcecode.swift; path = WebView.swift; sourceTree = "<group>"; };
		0054F4C629C616380086C77D /* NewCellView.swift */ = {isa = PBXFileReference; lastKnownFileType = sourcecode.swift; path = NewCellView.swift; sourceTree = "<group>"; };
		0054F4C829C75AEE0086C77D /* Extensions.swift */ = {isa = PBXFileReference; lastKnownFileType = sourcecode.swift; path = Extensions.swift; sourceTree = "<group>"; };
/* End PBXFileReference section */

/* Begin PBXFrameworksBuildPhase section */
		0054F48A29C4DA010086C77D /* Frameworks */ = {
			isa = PBXFrameworksBuildPhase;
			buildActionMask = 2147483647;
			files = (
				0054F4B029C4E4960086C77D /* Alamofire in Frameworks */,
			);
			runOnlyForDeploymentPostprocessing = 0;
		};
		0054F49029C4DA010086C77D /* Frameworks */ = {
			isa = PBXFrameworksBuildPhase;
			buildActionMask = 2147483647;
			files = (
			);
			runOnlyForDeploymentPostprocessing = 0;
		};
/* End PBXFrameworksBuildPhase section */

/* Begin PBXGroup section */
		0054F48029C4D9FB0086C77D = {
			isa = PBXGroup;
			children = (
				0054F48529C4D9FB0086C77D /* Shared */,
				0054F48E29C4DA010086C77D /* Products */,
			);
			sourceTree = "<group>";
		};
		0054F48529C4D9FB0086C77D /* Shared */ = {
			isa = PBXGroup;
			children = (
				0054F4C129C607D90086C77D /* SharedItems */,
				0054F4A729C4DA4D0086C77D /* Services */,
				0054F4A629C4DA320086C77D /* Model */,
				0054F4A529C4DA1D0086C77D /* ViewModel */,
				0054F4A429C4DA0E0086C77D /* View */,
				0054F48629C4D9FB0086C77D /* NewsAppApp.swift */,
				0054F48829C4DA010086C77D /* Assets.xcassets */,
			);
			path = Shared;
			sourceTree = "<group>";
		};
		0054F48E29C4DA010086C77D /* Products */ = {
			isa = PBXGroup;
			children = (
				0054F48D29C4DA010086C77D /* NewsApp.app */,
				0054F49329C4DA010086C77D /* NewsApp.app */,
			);
			name = Products;
			sourceTree = "<group>";
		};
		0054F4A429C4DA0E0086C77D /* View */ = {
			isa = PBXGroup;
			children = (
				0054F4CA29C86F420086C77D /* Cells */,
				0054F48729C4D9FB0086C77D /* ContentView.swift */,
				0054F4B529C4EEDE0086C77D /* NewsView.swift */,
				0054F4B729C5D2220086C77D /* DetailsNewView.swift */,
			);
			name = View;
			sourceTree = "<group>";
		};
		0054F4A529C4DA1D0086C77D /* ViewModel */ = {
			isa = PBXGroup;
			children = (
				0054F4B929C5D2AE0086C77D /* DetailsNewView+ViewModel.swift */,
				0054F4BB29C5F3BE0086C77D /* NewsView+ViewModel.swift */,
				0054F4BD29C603AD0086C77D /* ContentView+ViewModel.swift */,
			);
			name = ViewModel;
			sourceTree = "<group>";
		};
		0054F4A629C4DA320086C77D /* Model */ = {
			isa = PBXGroup;
			children = (
				0054F4AA29C4DB2F0086C77D /* New.swift */,
				0054F4AC29C4DF0D0086C77D /* NetworkError.swift */,
				0054F4BF29C605D50086C77D /* Constants.swift */,
			);
			name = Model;
			sourceTree = "<group>";
		};
		0054F4A729C4DA4D0086C77D /* Services */ = {
			isa = PBXGroup;
			children = (
				0054F4A829C4DA6F0086C77D /* NewsService.swift */,
			);
			name = Services;
			sourceTree = "<group>";
		};
		0054F4C129C607D90086C77D /* SharedItems */ = {
			isa = PBXGroup;
			children = (
				0054F4C229C607F70086C77D /* WebView.swift */,
				0054F4C829C75AEE0086C77D /* Extensions.swift */,
			);
			name = SharedItems;
			sourceTree = "<group>";
		};
		0054F4CA29C86F420086C77D /* Cells */ = {
			isa = PBXGroup;
			children = (
				0054F4C629C616380086C77D /* NewCellView.swift */,
			);
			name = Cells;
			sourceTree = "<group>";
		};
/* End PBXGroup section */

/* Begin PBXNativeTarget section */
		0054F48C29C4DA010086C77D /* NewsApp (iOS) */ = {
			isa = PBXNativeTarget;
			buildConfigurationList = 0054F49E29C4DA010086C77D /* Build configuration list for PBXNativeTarget "NewsApp (iOS)" */;
			buildPhases = (
				0054F48929C4DA010086C77D /* Sources */,
				0054F48A29C4DA010086C77D /* Frameworks */,
				0054F48B29C4DA010086C77D /* Resources */,
			);
			buildRules = (
			);
			dependencies = (
			);
			name = "NewsApp (iOS)";
			packageProductDependencies = (
				0054F4AF29C4E4960086C77D /* Alamofire */,
			);
			productName = "NewsApp (iOS)";
			productReference = 0054F48D29C4DA010086C77D /* NewsApp.app */;
			productType = "com.apple.product-type.application";
		};
		0054F49229C4DA010086C77D /* NewsApp (macOS) */ = {
			isa = PBXNativeTarget;
			buildConfigurationList = 0054F4A129C4DA010086C77D /* Build configuration list for PBXNativeTarget "NewsApp (macOS)" */;
			buildPhases = (
				0054F48F29C4DA010086C77D /* Sources */,
				0054F49029C4DA010086C77D /* Frameworks */,
				0054F49129C4DA010086C77D /* Resources */,
			);
			buildRules = (
			);
			dependencies = (
			);
			name = "NewsApp (macOS)";
			productName = "NewsApp (macOS)";
			productReference = 0054F49329C4DA010086C77D /* NewsApp.app */;
			productType = "com.apple.product-type.application";
		};
/* End PBXNativeTarget section */

/* Begin PBXProject section */
		0054F48129C4D9FB0086C77D /* Project object */ = {
			isa = PBXProject;
			attributes = {
				BuildIndependentTargetsInParallel = 1;
				LastSwiftUpdateCheck = 1340;
				LastUpgradeCheck = 1340;
				TargetAttributes = {
					0054F48C29C4DA010086C77D = {
						CreatedOnToolsVersion = 13.4.1;
					};
					0054F49229C4DA010086C77D = {
						CreatedOnToolsVersion = 13.4.1;
					};
				};
			};
			buildConfigurationList = 0054F48429C4D9FB0086C77D /* Build configuration list for PBXProject "NewsApp" */;
			compatibilityVersion = "Xcode 13.0";
			developmentRegion = en;
			hasScannedForEncodings = 0;
			knownRegions = (
				en,
				Base,
				uk,
			);
			mainGroup = 0054F48029C4D9FB0086C77D;
			packageReferences = (
				0054F4AE29C4E4960086C77D /* XCRemoteSwiftPackageReference "Alamofire" */,
			);
			productRefGroup = 0054F48E29C4DA010086C77D /* Products */;
			projectDirPath = "";
			projectRoot = "";
			targets = (
				0054F48C29C4DA010086C77D /* NewsApp (iOS) */,
				0054F49229C4DA010086C77D /* NewsApp (macOS) */,
			);
		};
/* End PBXProject section */

/* Begin PBXResourcesBuildPhase section */
		0054F48B29C4DA010086C77D /* Resources */ = {
			isa = PBXResourcesBuildPhase;
			buildActionMask = 2147483647;
			files = (
				0054F49A29C4DA010086C77D /* Assets.xcassets in Resources */,
			);
			runOnlyForDeploymentPostprocessing = 0;
		};
		0054F49129C4DA010086C77D /* Resources */ = {
			isa = PBXResourcesBuildPhase;
			buildActionMask = 2147483647;
			files = (
				0054F49B29C4DA010086C77D /* Assets.xcassets in Resources */,
			);
			runOnlyForDeploymentPostprocessing = 0;
		};
/* End PBXResourcesBuildPhase section */

/* Begin PBXSourcesBuildPhase section */
		0054F48929C4DA010086C77D /* Sources */ = {
			isa = PBXSourcesBuildPhase;
			buildActionMask = 2147483647;
			files = (
				0054F4BC29C5F3BE0086C77D /* NewsView+ViewModel.swift in Sources */,
				0054F4C029C605D50086C77D /* Constants.swift in Sources */,
				0054F4BA29C5D2AE0086C77D /* DetailsNewView+ViewModel.swift in Sources */,
				0054F4A929C4DA6F0086C77D /* NewsService.swift in Sources */,
				0054F49829C4DA010086C77D /* ContentView.swift in Sources */,
				0054F4B629C4EEDE0086C77D /* NewsView.swift in Sources */,
				0054F4BE29C603AD0086C77D /* ContentView+ViewModel.swift in Sources */,
				0054F4AB29C4DB2F0086C77D /* New.swift in Sources */,
				0054F4C729C616380086C77D /* NewCellView.swift in Sources */,
				0054F49629C4DA010086C77D /* NewsAppApp.swift in Sources */,
				0054F4C329C607F70086C77D /* WebView.swift in Sources */,
				0054F4AD29C4DF0D0086C77D /* NetworkError.swift in Sources */,
				0054F4B829C5D2220086C77D /* DetailsNewView.swift in Sources */,
				0054F4C929C75AEE0086C77D /* Extensions.swift in Sources */,
			);
			runOnlyForDeploymentPostprocessing = 0;
		};
		0054F48F29C4DA010086C77D /* Sources */ = {
			isa = PBXSourcesBuildPhase;
			buildActionMask = 2147483647;
			files = (
				0054F49929C4DA010086C77D /* ContentView.swift in Sources */,
				0054F49729C4DA010086C77D /* NewsAppApp.swift in Sources */,
			);
			runOnlyForDeploymentPostprocessing = 0;
		};
/* End PBXSourcesBuildPhase section */

/* Begin XCBuildConfiguration section */
		0054F49C29C4DA010086C77D /* Debug */ = {
			isa = XCBuildConfiguration;
			buildSettings = {
				ALWAYS_SEARCH_USER_PATHS = NO;
				CLANG_ANALYZER_NONNULL = YES;
				CLANG_ANALYZER_NUMBER_OBJECT_CONVERSION = YES_AGGRESSIVE;
				CLANG_CXX_LANGUAGE_STANDARD = "gnu++17";
				CLANG_ENABLE_MODULES = YES;
				CLANG_ENABLE_OBJC_ARC = YES;
				CLANG_ENABLE_OBJC_WEAK = YES;
				CLANG_WARN_BLOCK_CAPTURE_AUTORELEASING = YES;
				CLANG_WARN_BOOL_CONVERSION = YES;
				CLANG_WARN_COMMA = YES;
				CLANG_WARN_CONSTANT_CONVERSION = YES;
				CLANG_WARN_DEPRECATED_OBJC_IMPLEMENTATIONS = YES;
				CLANG_WARN_DIRECT_OBJC_ISA_USAGE = YES_ERROR;
				CLANG_WARN_DOCUMENTATION_COMMENTS = YES;
				CLANG_WARN_EMPTY_BODY = YES;
				CLANG_WARN_ENUM_CONVERSION = YES;
				CLANG_WARN_INFINITE_RECURSION = YES;
				CLANG_WARN_INT_CONVERSION = YES;
				CLANG_WARN_NON_LITERAL_NULL_CONVERSION = YES;
				CLANG_WARN_OBJC_IMPLICIT_RETAIN_SELF = YES;
				CLANG_WARN_OBJC_LITERAL_CONVERSION = YES;
				CLANG_WARN_OBJC_ROOT_CLASS = YES_ERROR;
				CLANG_WARN_QUOTED_INCLUDE_IN_FRAMEWORK_HEADER = YES;
				CLANG_WARN_RANGE_LOOP_ANALYSIS = YES;
				CLANG_WARN_STRICT_PROTOTYPES = YES;
				CLANG_WARN_SUSPICIOUS_MOVE = YES;
				CLANG_WARN_UNGUARDED_AVAILABILITY = YES_AGGRESSIVE;
				CLANG_WARN_UNREACHABLE_CODE = YES;
				CLANG_WARN__DUPLICATE_METHOD_MATCH = YES;
				COPY_PHASE_STRIP = NO;
				DEBUG_INFORMATION_FORMAT = dwarf;
				ENABLE_STRICT_OBJC_MSGSEND = YES;
				ENABLE_TESTABILITY = YES;
				GCC_C_LANGUAGE_STANDARD = gnu11;
				GCC_DYNAMIC_NO_PIC = NO;
				GCC_NO_COMMON_BLOCKS = YES;
				GCC_OPTIMIZATION_LEVEL = 0;
				GCC_PREPROCESSOR_DEFINITIONS = (
					"DEBUG=1",
					"$(inherited)",
				);
				GCC_WARN_64_TO_32_BIT_CONVERSION = YES;
				GCC_WARN_ABOUT_RETURN_TYPE = YES_ERROR;
				GCC_WARN_UNDECLARED_SELECTOR = YES;
				GCC_WARN_UNINITIALIZED_AUTOS = YES_AGGRESSIVE;
				GCC_WARN_UNUSED_FUNCTION = YES;
				GCC_WARN_UNUSED_VARIABLE = YES;
				MTL_ENABLE_DEBUG_INFO = INCLUDE_SOURCE;
				MTL_FAST_MATH = YES;
				ONLY_ACTIVE_ARCH = YES;
				SWIFT_ACTIVE_COMPILATION_CONDITIONS = DEBUG;
				SWIFT_OPTIMIZATION_LEVEL = "-Onone";
			};
			name = Debug;
		};
		0054F49D29C4DA010086C77D /* Release */ = {
			isa = XCBuildConfiguration;
			buildSettings = {
				ALWAYS_SEARCH_USER_PATHS = NO;
				CLANG_ANALYZER_NONNULL = YES;
				CLANG_ANALYZER_NUMBER_OBJECT_CONVERSION = YES_AGGRESSIVE;
				CLANG_CXX_LANGUAGE_STANDARD = "gnu++17";
				CLANG_ENABLE_MODULES = YES;
				CLANG_ENABLE_OBJC_ARC = YES;
				CLANG_ENABLE_OBJC_WEAK = YES;
				CLANG_WARN_BLOCK_CAPTURE_AUTORELEASING = YES;
				CLANG_WARN_BOOL_CONVERSION = YES;
				CLANG_WARN_COMMA = YES;
				CLANG_WARN_CONSTANT_CONVERSION = YES;
				CLANG_WARN_DEPRECATED_OBJC_IMPLEMENTATIONS = YES;
				CLANG_WARN_DIRECT_OBJC_ISA_USAGE = YES_ERROR;
				CLANG_WARN_DOCUMENTATION_COMMENTS = YES;
				CLANG_WARN_EMPTY_BODY = YES;
				CLANG_WARN_ENUM_CONVERSION = YES;
				CLANG_WARN_INFINITE_RECURSION = YES;
				CLANG_WARN_INT_CONVERSION = YES;
				CLANG_WARN_NON_LITERAL_NULL_CONVERSION = YES;
				CLANG_WARN_OBJC_IMPLICIT_RETAIN_SELF = YES;
				CLANG_WARN_OBJC_LITERAL_CONVERSION = YES;
				CLANG_WARN_OBJC_ROOT_CLASS = YES_ERROR;
				CLANG_WARN_QUOTED_INCLUDE_IN_FRAMEWORK_HEADER = YES;
				CLANG_WARN_RANGE_LOOP_ANALYSIS = YES;
				CLANG_WARN_STRICT_PROTOTYPES = YES;
				CLANG_WARN_SUSPICIOUS_MOVE = YES;
				CLANG_WARN_UNGUARDED_AVAILABILITY = YES_AGGRESSIVE;
				CLANG_WARN_UNREACHABLE_CODE = YES;
				CLANG_WARN__DUPLICATE_METHOD_MATCH = YES;
				COPY_PHASE_STRIP = NO;
				DEBUG_INFORMATION_FORMAT = "dwarf-with-dsym";
				ENABLE_NS_ASSERTIONS = NO;
				ENABLE_STRICT_OBJC_MSGSEND = YES;
				GCC_C_LANGUAGE_STANDARD = gnu11;
				GCC_NO_COMMON_BLOCKS = YES;
				GCC_WARN_64_TO_32_BIT_CONVERSION = YES;
				GCC_WARN_ABOUT_RETURN_TYPE = YES_ERROR;
				GCC_WARN_UNDECLARED_SELECTOR = YES;
				GCC_WARN_UNINITIALIZED_AUTOS = YES_AGGRESSIVE;
				GCC_WARN_UNUSED_FUNCTION = YES;
				GCC_WARN_UNUSED_VARIABLE = YES;
				MTL_ENABLE_DEBUG_INFO = NO;
				MTL_FAST_MATH = YES;
				SWIFT_COMPILATION_MODE = wholemodule;
				SWIFT_OPTIMIZATION_LEVEL = "-O";
			};
			name = Release;
		};
		0054F49F29C4DA010086C77D /* Debug */ = {
			isa = XCBuildConfiguration;
			buildSettings = {
				ASSETCATALOG_COMPILER_APPICON_NAME = AppIcon;
				ASSETCATALOG_COMPILER_GLOBAL_ACCENT_COLOR_NAME = AccentColor;
				CODE_SIGN_STYLE = Automatic;
				CURRENT_PROJECT_VERSION = 1;
				DEVELOPMENT_TEAM = 7SBU5Z6RB6;
				ENABLE_PREVIEWS = YES;
				GENERATE_INFOPLIST_FILE = YES;
				INFOPLIST_KEY_UIApplicationSceneManifest_Generation = YES;
				INFOPLIST_KEY_UIApplicationSupportsIndirectInputEvents = YES;
				INFOPLIST_KEY_UILaunchScreen_Generation = YES;
				INFOPLIST_KEY_UISupportedInterfaceOrientations_iPad = "UIInterfaceOrientationPortrait UIInterfaceOrientationPortraitUpsideDown UIInterfaceOrientationLandscapeLeft UIInterfaceOrientationLandscapeRight";
				INFOPLIST_KEY_UISupportedInterfaceOrientations_iPhone = "UIInterfaceOrientationPortrait UIInterfaceOrientationLandscapeLeft UIInterfaceOrientationLandscapeRight";
				IPHONEOS_DEPLOYMENT_TARGET = 15.5;
				LD_RUNPATH_SEARCH_PATHS = (
					"$(inherited)",
					"@executable_path/Frameworks",
				);
				MARKETING_VERSION = 1.0;
				PRODUCT_BUNDLE_IDENTIFIER = rh.arit.com.NewsApp;
				PRODUCT_NAME = NewsApp;
				SDKROOT = iphoneos;
				SWIFT_EMIT_LOC_STRINGS = YES;
				SWIFT_VERSION = 5.0;
				TARGETED_DEVICE_FAMILY = "1,2";
			};
			name = Debug;
		};
		0054F4A029C4DA010086C77D /* Release */ = {
			isa = XCBuildConfiguration;
			buildSettings = {
				ASSETCATALOG_COMPILER_APPICON_NAME = AppIcon;
				ASSETCATALOG_COMPILER_GLOBAL_ACCENT_COLOR_NAME = AccentColor;
				CODE_SIGN_STYLE = Automatic;
				CURRENT_PROJECT_VERSION = 1;
				DEVELOPMENT_TEAM = 7SBU5Z6RB6;
				ENABLE_PREVIEWS = YES;
				GENERATE_INFOPLIST_FILE = YES;
				INFOPLIST_KEY_UIApplicationSceneManifest_Generation = YES;
				INFOPLIST_KEY_UIApplicationSupportsIndirectInputEvents = YES;
				INFOPLIST_KEY_UILaunchScreen_Generation = YES;
				INFOPLIST_KEY_UISupportedInterfaceOrientations_iPad = "UIInterfaceOrientationPortrait UIInterfaceOrientationPortraitUpsideDown UIInterfaceOrientationLandscapeLeft UIInterfaceOrientationLandscapeRight";
				INFOPLIST_KEY_UISupportedInterfaceOrientations_iPhone = "UIInterfaceOrientationPortrait UIInterfaceOrientationLandscapeLeft UIInterfaceOrientationLandscapeRight";
				IPHONEOS_DEPLOYMENT_TARGET = 15.5;
				LD_RUNPATH_SEARCH_PATHS = (
					"$(inherited)",
					"@executable_path/Frameworks",
				);
				MARKETING_VERSION = 1.0;
				PRODUCT_BUNDLE_IDENTIFIER = rh.arit.com.NewsApp;
				PRODUCT_NAME = NewsApp;
				SDKROOT = iphoneos;
				SWIFT_EMIT_LOC_STRINGS = YES;
				SWIFT_VERSION = 5.0;
				TARGETED_DEVICE_FAMILY = "1,2";
				VALIDATE_PRODUCT = YES;
			};
			name = Release;
		};
		0054F4A229C4DA010086C77D /* Debug */ = {
			isa = XCBuildConfiguration;
			buildSettings = {
				ASSETCATALOG_COMPILER_APPICON_NAME = AppIcon;
				ASSETCATALOG_COMPILER_GLOBAL_ACCENT_COLOR_NAME = AccentColor;
				CODE_SIGN_ENTITLEMENTS = macOS/macOS.entitlements;
				CODE_SIGN_STYLE = Automatic;
				COMBINE_HIDPI_IMAGES = YES;
				CURRENT_PROJECT_VERSION = 1;
				DEVELOPMENT_TEAM = 7SBU5Z6RB6;
				ENABLE_HARDENED_RUNTIME = YES;
				ENABLE_PREVIEWS = YES;
				GENERATE_INFOPLIST_FILE = YES;
				INFOPLIST_KEY_NSHumanReadableCopyright = "";
				LD_RUNPATH_SEARCH_PATHS = (
					"$(inherited)",
					"@executable_path/../Frameworks",
				);
				MACOSX_DEPLOYMENT_TARGET = 12.3;
				MARKETING_VERSION = 1.0;
				PRODUCT_BUNDLE_IDENTIFIER = rh.arit.com.NewsApp;
				PRODUCT_NAME = NewsApp;
				SDKROOT = macosx;
				SWIFT_EMIT_LOC_STRINGS = YES;
				SWIFT_VERSION = 5.0;
			};
			name = Debug;
		};
		0054F4A329C4DA010086C77D /* Release */ = {
			isa = XCBuildConfiguration;
			buildSettings = {
				ASSETCATALOG_COMPILER_APPICON_NAME = AppIcon;
				ASSETCATALOG_COMPILER_GLOBAL_ACCENT_COLOR_NAME = AccentColor;
				CODE_SIGN_ENTITLEMENTS = macOS/macOS.entitlements;
				CODE_SIGN_STYLE = Automatic;
				COMBINE_HIDPI_IMAGES = YES;
				CURRENT_PROJECT_VERSION = 1;
				DEVELOPMENT_TEAM = 7SBU5Z6RB6;
				ENABLE_HARDENED_RUNTIME = YES;
				ENABLE_PREVIEWS = YES;
				GENERATE_INFOPLIST_FILE = YES;
				INFOPLIST_KEY_NSHumanReadableCopyright = "";
				LD_RUNPATH_SEARCH_PATHS = (
					"$(inherited)",
					"@executable_path/../Frameworks",
				);
				MACOSX_DEPLOYMENT_TARGET = 12.3;
				MARKETING_VERSION = 1.0;
				PRODUCT_BUNDLE_IDENTIFIER = rh.arit.com.NewsApp;
				PRODUCT_NAME = NewsApp;
				SDKROOT = macosx;
				SWIFT_EMIT_LOC_STRINGS = YES;
				SWIFT_VERSION = 5.0;
			};
			name = Release;
		};
/* End XCBuildConfiguration section */

/* Begin XCConfigurationList section */
		0054F48429C4D9FB0086C77D /* Build configuration list for PBXProject "NewsApp" */ = {
			isa = XCConfigurationList;
			buildConfigurations = (
				0054F49C29C4DA010086C77D /* Debug */,
				0054F49D29C4DA010086C77D /* Release */,
			);
			defaultConfigurationIsVisible = 0;
			defaultConfigurationName = Release;
		};
		0054F49E29C4DA010086C77D /* Build configuration list for PBXNativeTarget "NewsApp (iOS)" */ = {
			isa = XCConfigurationList;
			buildConfigurations = (
				0054F49F29C4DA010086C77D /* Debug */,
				0054F4A029C4DA010086C77D /* Release */,
			);
			defaultConfigurationIsVisible = 0;
			defaultConfigurationName = Release;
		};
		0054F4A129C4DA010086C77D /* Build configuration list for PBXNativeTarget "NewsApp (macOS)" */ = {
			isa = XCConfigurationList;
			buildConfigurations = (
				0054F4A229C4DA010086C77D /* Debug */,
				0054F4A329C4DA010086C77D /* Release */,
			);
			defaultConfigurationIsVisible = 0;
			defaultConfigurationName = Release;
		};
/* End XCConfigurationList section */

/* Begin XCRemoteSwiftPackageReference section */
		0054F4AE29C4E4960086C77D /* XCRemoteSwiftPackageReference "Alamofire" */ = {
			isa = XCRemoteSwiftPackageReference;
			repositoryURL = "https://github.com/Alamofire/Alamofire.git";
			requirement = {
				kind = upToNextMajorVersion;
				minimumVersion = 5.0.0;
			};
		};
/* End XCRemoteSwiftPackageReference section */

/* Begin XCSwiftPackageProductDependency section */
		0054F4AF29C4E4960086C77D /* Alamofire */ = {
			isa = XCSwiftPackageProductDependency;
			package = 0054F4AE29C4E4960086C77D /* XCRemoteSwiftPackageReference "Alamofire" */;
			productName = Alamofire;
		};
/* End XCSwiftPackageProductDependency section */
	};
	rootObject = 0054F48129C4D9FB0086C77D /* Project object */;
}
